
Microsoft Visual Studio Solution File, Format Version 12.00
# Visual Studio Version 17
VisualStudioVersion = 17.10.35004.147
MinimumVisualStudioVersion = 10.0.40219.1
Project("{FAE04EC0-301F-11D3-BF4B-00C04F79EFBC}") = "Vetores", "Vetores\Vetores.csproj", "{5501590D-545B-4E2B-86BE-FAC761097FDF}"
EndProject
Global
	GlobalSection(SolutionConfigurationPlatforms) = preSolution
		Debug|Any CPU = Debug|Any CPU
		Release|Any CPU = Release|Any CPU
	EndGlobalSection
	GlobalSection(ProjectConfigurationPlatforms) = postSolution
		{5501590D-545B-4E2B-86BE-FAC761097FDF}.Debug|Any CPU.ActiveCfg = Debug|Any CPU
		{5501590D-545B-4E2B-86BE-FAC761097FDF}.Debug|Any CPU.Build.0 = Debug|Any CPU
		{5501590D-545B-4E2B-86BE-FAC761097FDF}.Release|Any CPU.ActiveCfg = Release|Any CPU
		{5501590D-545B-4E2B-86BE-FAC761097FDF}.Release|Any CPU.Build.0 = Release|Any CPU
	EndGlobalSection
	GlobalSection(SolutionProperties) = preSolution
		HideSolutionNode = FALSE
	EndGlobalSection
	GlobalSection(ExtensibilityGlobals) = postSolution
		SolutionGuid = {B74684A6-AC8F-4A3F-8085-C3180D24DB7C}
	EndGlobalSection
EndGlobal
