
Microsoft Visual Studio Solution File, Format Version 12.00
# Visual Studio Version 17
VisualStudioVersion = 17.6.33712.159
MinimumVisualStudioVersion = 10.0.40219.1
Project("{9A19103F-16F7-4668-BE54-9A1E7A4F7556}") = "TratamentoDeExceções", "Cont_Curso_Udemy\TratamentoDeExceções.csproj", "{E63316F7-29FC-4094-9B37-73CA4D5275FC}"
EndProject
Global
	GlobalSection(SolutionConfigurationPlatforms) = preSolution
		Debug|Any CPU = Debug|Any CPU
		Release|Any CPU = Release|Any CPU
	EndGlobalSection
	GlobalSection(ProjectConfigurationPlatforms) = postSolution
		{E63316F7-29FC-4094-9B37-73CA4D5275FC}.Debug|Any CPU.ActiveCfg = Debug|Any CPU
		{E63316F7-29FC-4094-9B37-73CA4D5275FC}.Debug|Any CPU.Build.0 = Debug|Any CPU
		{E63316F7-29FC-4094-9B37-73CA4D5275FC}.Release|Any CPU.ActiveCfg = Release|Any CPU
		{E63316F7-29FC-4094-9B37-73CA4D5275FC}.Release|Any CPU.Build.0 = Release|Any CPU
	EndGlobalSection
	GlobalSection(SolutionProperties) = preSolution
		HideSolutionNode = FALSE
	EndGlobalSection
	GlobalSection(ExtensibilityGlobals) = postSolution
		SolutionGuid = {9C8F7CC3-9FE6-4534-AAD1-EDBE3D37F89A}
	EndGlobalSection
EndGlobal
