
Microsoft Visual Studio Solution File, Format Version 12.00
# Visual Studio Version 17
VisualStudioVersion = 17.7.34221.43
MinimumVisualStudioVersion = 10.0.40219.1
Project("{FAE04EC0-301F-11D3-BF4B-00C04F79EFBC}") = "Matrizes", "Matrizes\Matrizes.csproj", "{F7353748-4C10-443A-B937-FABBE2657323}"
EndProject
Global
	GlobalSection(SolutionConfigurationPlatforms) = preSolution
		Debug|Any CPU = Debug|Any CPU
		Release|Any CPU = Release|Any CPU
	EndGlobalSection
	GlobalSection(ProjectConfigurationPlatforms) = postSolution
		{F7353748-4C10-443A-B937-FABBE2657323}.Debug|Any CPU.ActiveCfg = Debug|Any CPU
		{F7353748-4C10-443A-B937-FABBE2657323}.Debug|Any CPU.Build.0 = Debug|Any CPU
		{F7353748-4C10-443A-B937-FABBE2657323}.Release|Any CPU.ActiveCfg = Release|Any CPU
		{F7353748-4C10-443A-B937-FABBE2657323}.Release|Any CPU.Build.0 = Release|Any CPU
	EndGlobalSection
	GlobalSection(SolutionProperties) = preSolution
		HideSolutionNode = FALSE
	EndGlobalSection
	GlobalSection(ExtensibilityGlobals) = postSolution
		SolutionGuid = {AA5AA341-1C27-4CB1-B760-BA56136836E3}
	EndGlobalSection
EndGlobal
