
Microsoft Visual Studio Solution File, Format Version 12.00
# Visual Studio Version 17
VisualStudioVersion = 17.7.34221.43
MinimumVisualStudioVersion = 10.0.40219.1
Project("{9A19103F-16F7-4668-BE54-9A1E7A4F7556}") = "Exercicio1_Revisao", "ExerciciosRevisao\Exercicio1_Revisao.csproj", "{114D2E03-0DDC-4A4E-8D88-16325345E130}"
EndProject
Project("{9A19103F-16F7-4668-BE54-9A1E7A4F7556}") = "Exercicio2_Interface", "Exercicio2_Interface\Exercicio2_Interface.csproj", "{AC24B1A5-4E0D-475F-8B8E-3A6176741020}"
EndProject
Project("{2150E333-8FDC-42A3-9474-1A3956D46DE8}") = "ExerciciosRevisaoTeste", "ExerciciosRevisaoTeste", "{1A6523A6-DD45-4903-98B3-8EABD5A6F53F}"
EndProject
Project("{2150E333-8FDC-42A3-9474-1A3956D46DE8}") = "ExerciciosPOO", "ExerciciosPOO", "{FD278290-115F-40D2-9746-63BE83E9D71F}"
EndProject
Project("{9A19103F-16F7-4668-BE54-9A1E7A4F7556}") = "Ex1_Produto", "Exercicio1\Ex1_Produto.csproj", "{C4B2F35A-3303-4032-B823-FE2012B07653}"
EndProject
Project("{9A19103F-16F7-4668-BE54-9A1E7A4F7556}") = "Ex2_Animal", "Exercicio2\Ex2_Animal.csproj", "{627EA6CC-FD96-4862-8C93-DB1C1C8ECFE8}"
EndProject
Project("{9A19103F-16F7-4668-BE54-9A1E7A4F7556}") = "Ex3_Veiculo", "Exercicio3\Ex3_Veiculo.csproj", "{7F6DA27A-87B5-4503-90AF-0755A119135A}"
EndProject
Project("{9A19103F-16F7-4668-BE54-9A1E7A4F7556}") = "Ex4_Interfaces", "Ex4_Interfaces\Ex4_Interfaces.csproj", "{BF23E509-4A63-499F-948C-F6F3D7F30B3B}"
EndProject
Project("{9A19103F-16F7-4668-BE54-9A1E7A4F7556}") = "Ex5_Abstract", "Ex5_Abstract\Ex5_Abstract.csproj", "{1E5F4F68-D645-4CE9-849C-77FF64B677C2}"
EndProject
Project("{9A19103F-16F7-4668-BE54-9A1E7A4F7556}") = "Ex1_Listas", "Ficha2_POO\Ex1_Listas.csproj", "{FF199568-9EA4-4030-BBF3-3E957CA4F1A1}"
EndProject
Project("{2150E333-8FDC-42A3-9474-1A3956D46DE8}") = "ExerciciosPOO_Ficha2", "ExerciciosPOO_Ficha2", "{028C3A26-FB8E-4016-B0CF-5F89F2DA4952}"
EndProject
Project("{9A19103F-16F7-4668-BE54-9A1E7A4F7556}") = "Ex2_Herança", "Ex2_Herança\Ex2_Herança.csproj", "{1368E893-8EA0-4985-B4B6-4470D9A07AF2}"
EndProject
Project("{9A19103F-16F7-4668-BE54-9A1E7A4F7556}") = "Ex3_NTier", "Ex3_NTier\Ex3_NTier.csproj", "{17EA73C2-BAF7-478A-95ED-B95275A96DAA}"
EndProject
Project("{9A19103F-16F7-4668-BE54-9A1E7A4F7556}") = "Ex4_IntegracaoExercicios", "Ex4_IntegracaoExercicios\Ex4_IntegracaoExercicios.csproj", "{8E2AA04B-D741-4003-9D6B-6A72822F0C47}"
EndProject
Project("{9A19103F-16F7-4668-BE54-9A1E7A4F7556}") = "Ex5.1_ImplementeClasses", "Ex5_ImplementeClasses\Ex5.1_ImplementeClasses.csproj", "{0A631E3E-EBF2-4CBD-A090-9383BD49C86D}"
EndProject
Project("{9A19103F-16F7-4668-BE54-9A1E7A4F7556}") = "Ex5.2_ImplementeClasses", "Ex5.2_ImplementeClasses\Ex5.2_ImplementeClasses.csproj", "{7B6FC26F-5F7F-4377-82EE-FB2074D19A70}"
EndProject
Project("{9A19103F-16F7-4668-BE54-9A1E7A4F7556}") = "Exercicio3_Classe", "Exercicio3_Classe\Exercicio3_Classe.csproj", "{916A5C5F-F697-48F5-BC7E-C46138E81667}"
EndProject
Project("{FAE04EC0-301F-11D3-BF4B-00C04F79EFBC}") = "Exercicio4_Xadrez", "Exercicio4_Xadrez\Exercicio4_Xadrez.csproj", "{A853BD9C-FDA8-4E58-A5A6-B96F17C09C92}"
EndProject
Global
	GlobalSection(SolutionConfigurationPlatforms) = preSolution
		Debug|Any CPU = Debug|Any CPU
		Release|Any CPU = Release|Any CPU
	EndGlobalSection
	GlobalSection(ProjectConfigurationPlatforms) = postSolution
		{114D2E03-0DDC-4A4E-8D88-16325345E130}.Debug|Any CPU.ActiveCfg = Debug|Any CPU
		{114D2E03-0DDC-4A4E-8D88-16325345E130}.Debug|Any CPU.Build.0 = Debug|Any CPU
		{114D2E03-0DDC-4A4E-8D88-16325345E130}.Release|Any CPU.ActiveCfg = Release|Any CPU
		{114D2E03-0DDC-4A4E-8D88-16325345E130}.Release|Any CPU.Build.0 = Release|Any CPU
		{AC24B1A5-4E0D-475F-8B8E-3A6176741020}.Debug|Any CPU.ActiveCfg = Debug|Any CPU
		{AC24B1A5-4E0D-475F-8B8E-3A6176741020}.Debug|Any CPU.Build.0 = Debug|Any CPU
		{AC24B1A5-4E0D-475F-8B8E-3A6176741020}.Release|Any CPU.ActiveCfg = Release|Any CPU
		{AC24B1A5-4E0D-475F-8B8E-3A6176741020}.Release|Any CPU.Build.0 = Release|Any CPU
		{C4B2F35A-3303-4032-B823-FE2012B07653}.Debug|Any CPU.ActiveCfg = Debug|Any CPU
		{C4B2F35A-3303-4032-B823-FE2012B07653}.Debug|Any CPU.Build.0 = Debug|Any CPU
		{C4B2F35A-3303-4032-B823-FE2012B07653}.Release|Any CPU.ActiveCfg = Release|Any CPU
		{C4B2F35A-3303-4032-B823-FE2012B07653}.Release|Any CPU.Build.0 = Release|Any CPU
		{627EA6CC-FD96-4862-8C93-DB1C1C8ECFE8}.Debug|Any CPU.ActiveCfg = Debug|Any CPU
		{627EA6CC-FD96-4862-8C93-DB1C1C8ECFE8}.Debug|Any CPU.Build.0 = Debug|Any CPU
		{627EA6CC-FD96-4862-8C93-DB1C1C8ECFE8}.Release|Any CPU.ActiveCfg = Release|Any CPU
		{627EA6CC-FD96-4862-8C93-DB1C1C8ECFE8}.Release|Any CPU.Build.0 = Release|Any CPU
		{7F6DA27A-87B5-4503-90AF-0755A119135A}.Debug|Any CPU.ActiveCfg = Debug|Any CPU
		{7F6DA27A-87B5-4503-90AF-0755A119135A}.Debug|Any CPU.Build.0 = Debug|Any CPU
		{7F6DA27A-87B5-4503-90AF-0755A119135A}.Release|Any CPU.ActiveCfg = Release|Any CPU
		{7F6DA27A-87B5-4503-90AF-0755A119135A}.Release|Any CPU.Build.0 = Release|Any CPU
		{BF23E509-4A63-499F-948C-F6F3D7F30B3B}.Debug|Any CPU.ActiveCfg = Debug|Any CPU
		{BF23E509-4A63-499F-948C-F6F3D7F30B3B}.Debug|Any CPU.Build.0 = Debug|Any CPU
		{BF23E509-4A63-499F-948C-F6F3D7F30B3B}.Release|Any CPU.ActiveCfg = Release|Any CPU
		{BF23E509-4A63-499F-948C-F6F3D7F30B3B}.Release|Any CPU.Build.0 = Release|Any CPU
		{1E5F4F68-D645-4CE9-849C-77FF64B677C2}.Debug|Any CPU.ActiveCfg = Debug|Any CPU
		{1E5F4F68-D645-4CE9-849C-77FF64B677C2}.Debug|Any CPU.Build.0 = Debug|Any CPU
		{1E5F4F68-D645-4CE9-849C-77FF64B677C2}.Release|Any CPU.ActiveCfg = Release|Any CPU
		{1E5F4F68-D645-4CE9-849C-77FF64B677C2}.Release|Any CPU.Build.0 = Release|Any CPU
		{FF199568-9EA4-4030-BBF3-3E957CA4F1A1}.Debug|Any CPU.ActiveCfg = Debug|Any CPU
		{FF199568-9EA4-4030-BBF3-3E957CA4F1A1}.Debug|Any CPU.Build.0 = Debug|Any CPU
		{FF199568-9EA4-4030-BBF3-3E957CA4F1A1}.Release|Any CPU.ActiveCfg = Release|Any CPU
		{FF199568-9EA4-4030-BBF3-3E957CA4F1A1}.Release|Any CPU.Build.0 = Release|Any CPU
		{1368E893-8EA0-4985-B4B6-4470D9A07AF2}.Debug|Any CPU.ActiveCfg = Debug|Any CPU
		{1368E893-8EA0-4985-B4B6-4470D9A07AF2}.Debug|Any CPU.Build.0 = Debug|Any CPU
		{1368E893-8EA0-4985-B4B6-4470D9A07AF2}.Release|Any CPU.ActiveCfg = Release|Any CPU
		{1368E893-8EA0-4985-B4B6-4470D9A07AF2}.Release|Any CPU.Build.0 = Release|Any CPU
		{17EA73C2-BAF7-478A-95ED-B95275A96DAA}.Debug|Any CPU.ActiveCfg = Debug|Any CPU
		{17EA73C2-BAF7-478A-95ED-B95275A96DAA}.Debug|Any CPU.Build.0 = Debug|Any CPU
		{17EA73C2-BAF7-478A-95ED-B95275A96DAA}.Release|Any CPU.ActiveCfg = Release|Any CPU
		{17EA73C2-BAF7-478A-95ED-B95275A96DAA}.Release|Any CPU.Build.0 = Release|Any CPU
		{8E2AA04B-D741-4003-9D6B-6A72822F0C47}.Debug|Any CPU.ActiveCfg = Debug|Any CPU
		{8E2AA04B-D741-4003-9D6B-6A72822F0C47}.Debug|Any CPU.Build.0 = Debug|Any CPU
		{8E2AA04B-D741-4003-9D6B-6A72822F0C47}.Release|Any CPU.ActiveCfg = Release|Any CPU
		{8E2AA04B-D741-4003-9D6B-6A72822F0C47}.Release|Any CPU.Build.0 = Release|Any CPU
		{0A631E3E-EBF2-4CBD-A090-9383BD49C86D}.Debug|Any CPU.ActiveCfg = Debug|Any CPU
		{0A631E3E-EBF2-4CBD-A090-9383BD49C86D}.Debug|Any CPU.Build.0 = Debug|Any CPU
		{0A631E3E-EBF2-4CBD-A090-9383BD49C86D}.Release|Any CPU.ActiveCfg = Release|Any CPU
		{0A631E3E-EBF2-4CBD-A090-9383BD49C86D}.Release|Any CPU.Build.0 = Release|Any CPU
		{7B6FC26F-5F7F-4377-82EE-FB2074D19A70}.Debug|Any CPU.ActiveCfg = Debug|Any CPU
		{7B6FC26F-5F7F-4377-82EE-FB2074D19A70}.Debug|Any CPU.Build.0 = Debug|Any CPU
		{7B6FC26F-5F7F-4377-82EE-FB2074D19A70}.Release|Any CPU.ActiveCfg = Release|Any CPU
		{7B6FC26F-5F7F-4377-82EE-FB2074D19A70}.Release|Any CPU.Build.0 = Release|Any CPU
		{916A5C5F-F697-48F5-BC7E-C46138E81667}.Debug|Any CPU.ActiveCfg = Debug|Any CPU
		{916A5C5F-F697-48F5-BC7E-C46138E81667}.Debug|Any CPU.Build.0 = Debug|Any CPU
		{916A5C5F-F697-48F5-BC7E-C46138E81667}.Release|Any CPU.ActiveCfg = Release|Any CPU
		{916A5C5F-F697-48F5-BC7E-C46138E81667}.Release|Any CPU.Build.0 = Release|Any CPU
		{A853BD9C-FDA8-4E58-A5A6-B96F17C09C92}.Debug|Any CPU.ActiveCfg = Debug|Any CPU
		{A853BD9C-FDA8-4E58-A5A6-B96F17C09C92}.Debug|Any CPU.Build.0 = Debug|Any CPU
		{A853BD9C-FDA8-4E58-A5A6-B96F17C09C92}.Release|Any CPU.ActiveCfg = Release|Any CPU
		{A853BD9C-FDA8-4E58-A5A6-B96F17C09C92}.Release|Any CPU.Build.0 = Release|Any CPU
	EndGlobalSection
	GlobalSection(SolutionProperties) = preSolution
		HideSolutionNode = FALSE
	EndGlobalSection
	GlobalSection(NestedProjects) = preSolution
		{114D2E03-0DDC-4A4E-8D88-16325345E130} = {1A6523A6-DD45-4903-98B3-8EABD5A6F53F}
		{AC24B1A5-4E0D-475F-8B8E-3A6176741020} = {1A6523A6-DD45-4903-98B3-8EABD5A6F53F}
		{C4B2F35A-3303-4032-B823-FE2012B07653} = {FD278290-115F-40D2-9746-63BE83E9D71F}
		{627EA6CC-FD96-4862-8C93-DB1C1C8ECFE8} = {FD278290-115F-40D2-9746-63BE83E9D71F}
		{7F6DA27A-87B5-4503-90AF-0755A119135A} = {FD278290-115F-40D2-9746-63BE83E9D71F}
		{BF23E509-4A63-499F-948C-F6F3D7F30B3B} = {FD278290-115F-40D2-9746-63BE83E9D71F}
		{1E5F4F68-D645-4CE9-849C-77FF64B677C2} = {FD278290-115F-40D2-9746-63BE83E9D71F}
		{FF199568-9EA4-4030-BBF3-3E957CA4F1A1} = {028C3A26-FB8E-4016-B0CF-5F89F2DA4952}
		{1368E893-8EA0-4985-B4B6-4470D9A07AF2} = {028C3A26-FB8E-4016-B0CF-5F89F2DA4952}
		{17EA73C2-BAF7-478A-95ED-B95275A96DAA} = {028C3A26-FB8E-4016-B0CF-5F89F2DA4952}
		{8E2AA04B-D741-4003-9D6B-6A72822F0C47} = {028C3A26-FB8E-4016-B0CF-5F89F2DA4952}
		{0A631E3E-EBF2-4CBD-A090-9383BD49C86D} = {028C3A26-FB8E-4016-B0CF-5F89F2DA4952}
		{7B6FC26F-5F7F-4377-82EE-FB2074D19A70} = {028C3A26-FB8E-4016-B0CF-5F89F2DA4952}
		{916A5C5F-F697-48F5-BC7E-C46138E81667} = {1A6523A6-DD45-4903-98B3-8EABD5A6F53F}
		{A853BD9C-FDA8-4E58-A5A6-B96F17C09C92} = {1A6523A6-DD45-4903-98B3-8EABD5A6F53F}
	EndGlobalSection
	GlobalSection(ExtensibilityGlobals) = postSolution
		SolutionGuid = {FEDFB669-E4AE-4D25-8F72-8716064238D5}
	EndGlobalSection
EndGlobal
