
Microsoft Visual Studio Solution File, Format Version 12.00
# Visual Studio Version 17
VisualStudioVersion = 17.10.35122.118
MinimumVisualStudioVersion = 10.0.40219.1
Project("{FAE04EC0-301F-11D3-BF4B-00C04F79EFBC}") = "Working_with_files", "Working_with_files.csproj", "{01BA0E4F-F59F-409F-A288-FBBDE7EBC478}"
EndProject
Global
	GlobalSection(SolutionConfigurationPlatforms) = preSolution
		Debug|Any CPU = Debug|Any CPU
		Release|Any CPU = Release|Any CPU
	EndGlobalSection
	GlobalSection(ProjectConfigurationPlatforms) = postSolution
		{01BA0E4F-F59F-409F-A288-FBBDE7EBC478}.Debug|Any CPU.ActiveCfg = Debug|Any CPU
		{01BA0E4F-F59F-409F-A288-FBBDE7EBC478}.Debug|Any CPU.Build.0 = Debug|Any CPU
		{01BA0E4F-F59F-409F-A288-FBBDE7EBC478}.Release|Any CPU.ActiveCfg = Release|Any CPU
		{01BA0E4F-F59F-409F-A288-FBBDE7EBC478}.Release|Any CPU.Build.0 = Release|Any CPU
	EndGlobalSection
	GlobalSection(SolutionProperties) = preSolution
		HideSolutionNode = FALSE
	EndGlobalSection
	GlobalSection(ExtensibilityGlobals) = postSolution
		SolutionGuid = {23832467-0EDF-495E-A0CB-E027A7BE26A1}
	EndGlobalSection
EndGlobal
